
Microsoft Visual Studio Solution File, Format Version 12.00
Project("{FAE04EC0-301F-11D3-BF4B-00C04F79EFBC}") = "HelloApp", "HelloApp\HelloApp.csproj", "{906F0962-C715-48BC-B352-24224708828B}"
EndProject
Global
	GlobalSection(SolutionConfigurationPlatforms) = preSolution
		Debug|Any CPU = Debug|Any CPU
		Release|Any CPU = Release|Any CPU
	EndGlobalSection
	GlobalSection(ProjectConfigurationPlatforms) = postSolution
		{906F0962-C715-48BC-B352-24224708828B}.Debug|Any CPU.ActiveCfg = Debug|Any CPU
		{906F0962-C715-48BC-B352-24224708828B}.Debug|Any CPU.Build.0 = Debug|Any CPU
		{906F0962-C715-48BC-B352-24224708828B}.Release|Any CPU.ActiveCfg = Release|Any CPU
		{906F0962-C715-48BC-B352-24224708828B}.Release|Any CPU.Build.0 = Release|Any CPU
	EndGlobalSection
EndGlobal
